// !$*UTF8*$!
{
	archiveVersion = 1;
	classes = {
	};
	objectVersion = 56;
	objects = {

/* Begin PBXBuildFile section */
		9EE0F3602B29345600D6DFD6 /* SeniorDesignProjectApp.swift in Sources */ = {isa = PBXBuildFile; fileRef = 9EE0F35F2B29345600D6DFD6 /* SeniorDesignProjectApp.swift */; };
		9EE0F3622B29345600D6DFD6 /* ContentView.swift in Sources */ = {isa = PBXBuildFile; fileRef = 9EE0F3612B29345600D6DFD6 /* ContentView.swift */; };
		9EE0F3642B29345800D6DFD6 /* Assets.xcassets in Resources */ = {isa = PBXBuildFile; fileRef = 9EE0F3632B29345800D6DFD6 /* Assets.xcassets */; };
		9EE0F3672B29345800D6DFD6 /* Preview Assets.xcassets in Resources */ = {isa = PBXBuildFile; fileRef = 9EE0F3662B29345800D6DFD6 /* Preview Assets.xcassets */; };
		9EE0F3712B29345800D6DFD6 /* SeniorDesignProjectTests.swift in Sources */ = {isa = PBXBuildFile; fileRef = 9EE0F3702B29345800D6DFD6 /* SeniorDesignProjectTests.swift */; };
		9EE0F37B2B29345800D6DFD6 /* SeniorDesignProjectUITests.swift in Sources */ = {isa = PBXBuildFile; fileRef = 9EE0F37A2B29345800D6DFD6 /* SeniorDesignProjectUITests.swift */; };
		9EE0F37D2B29345800D6DFD6 /* SeniorDesignProjectUITestsLaunchTests.swift in Sources */ = {isa = PBXBuildFile; fileRef = 9EE0F37C2B29345800D6DFD6 /* SeniorDesignProjectUITestsLaunchTests.swift */; };
/* End PBXBuildFile section */

/* Begin PBXContainerItemProxy section */
		9EE0F36D2B29345800D6DFD6 /* PBXContainerItemProxy */ = {
			isa = PBXContainerItemProxy;
			containerPortal = 9EE0F3542B29345600D6DFD6 /* Project object */;
			proxyType = 1;
			remoteGlobalIDString = 9EE0F35B2B29345600D6DFD6;
			remoteInfo = SeniorDesignProject;
		};
		9EE0F3772B29345800D6DFD6 /* PBXContainerItemProxy */ = {
			isa = PBXContainerItemProxy;
			containerPortal = 9EE0F3542B29345600D6DFD6 /* Project object */;
			proxyType = 1;
			remoteGlobalIDString = 9EE0F35B2B29345600D6DFD6;
			remoteInfo = SeniorDesignProject;
		};
/* End PBXContainerItemProxy section */

/* Begin PBXFileReference section */
		9EE0F35C2B29345600D6DFD6 /* SeniorDesignProject.app */ = {isa = PBXFileReference; explicitFileType = wrapper.application; includeInIndex = 0; path = SeniorDesignProject.app; sourceTree = BUILT_PRODUCTS_DIR; };
		9EE0F35F2B29345600D6DFD6 /* SeniorDesignProjectApp.swift */ = {isa = PBXFileReference; lastKnownFileType = sourcecode.swift; path = SeniorDesignProjectApp.swift; sourceTree = "<group>"; };
		9EE0F3612B29345600D6DFD6 /* ContentView.swift */ = {isa = PBXFileReference; lastKnownFileType = sourcecode.swift; path = ContentView.swift; sourceTree = "<group>"; };
		9EE0F3632B29345800D6DFD6 /* Assets.xcassets */ = {isa = PBXFileReference; lastKnownFileType = folder.assetcatalog; path = Assets.xcassets; sourceTree = "<group>"; };
		9EE0F3662B29345800D6DFD6 /* Preview Assets.xcassets */ = {isa = PBXFileReference; lastKnownFileType = folder.assetcatalog; path = "Preview Assets.xcassets"; sourceTree = "<group>"; };
		9EE0F36C2B29345800D6DFD6 /* SeniorDesignProjectTests.xctest */ = {isa = PBXFileReference; explicitFileType = wrapper.cfbundle; includeInIndex = 0; path = SeniorDesignProjectTests.xctest; sourceTree = BUILT_PRODUCTS_DIR; };
		9EE0F3702B29345800D6DFD6 /* SeniorDesignProjectTests.swift */ = {isa = PBXFileReference; lastKnownFileType = sourcecode.swift; path = SeniorDesignProjectTests.swift; sourceTree = "<group>"; };
		9EE0F3762B29345800D6DFD6 /* SeniorDesignProjectUITests.xctest */ = {isa = PBXFileReference; explicitFileType = wrapper.cfbundle; includeInIndex = 0; path = SeniorDesignProjectUITests.xctest; sourceTree = BUILT_PRODUCTS_DIR; };
		9EE0F37A2B29345800D6DFD6 /* SeniorDesignProjectUITests.swift */ = {isa = PBXFileReference; lastKnownFileType = sourcecode.swift; path = SeniorDesignProjectUITests.swift; sourceTree = "<group>"; };
		9EE0F37C2B29345800D6DFD6 /* SeniorDesignProjectUITestsLaunchTests.swift */ = {isa = PBXFileReference; lastKnownFileType = sourcecode.swift; path = SeniorDesignProjectUITestsLaunchTests.swift; sourceTree = "<group>"; };
/* End PBXFileReference section */

/* Begin PBXFrameworksBuildPhase section */
		9EE0F3592B29345600D6DFD6 /* Frameworks */ = {
			isa = PBXFrameworksBuildPhase;
			buildActionMask = 2147483647;
			files = (
			);
			runOnlyForDeploymentPostprocessing = 0;
		};
		9EE0F3692B29345800D6DFD6 /* Frameworks */ = {
			isa = PBXFrameworksBuildPhase;
			buildActionMask = 2147483647;
			files = (
			);
			runOnlyForDeploymentPostprocessing = 0;
		};
		9EE0F3732B29345800D6DFD6 /* Frameworks */ = {
			isa = PBXFrameworksBuildPhase;
			buildActionMask = 2147483647;
			files = (
			);
			runOnlyForDeploymentPostprocessing = 0;
		};
/* End PBXFrameworksBuildPhase section */

/* Begin PBXGroup section */
		9EE0F3532B29345600D6DFD6 = {
			isa = PBXGroup;
			children = (
				9EE0F35E2B29345600D6DFD6 /* SeniorDesignProject */,
				9EE0F36F2B29345800D6DFD6 /* SeniorDesignProjectTests */,
				9EE0F3792B29345800D6DFD6 /* SeniorDesignProjectUITests */,
				9EE0F35D2B29345600D6DFD6 /* Products */,
			);
			sourceTree = "<group>";
		};
		9EE0F35D2B29345600D6DFD6 /* Products */ = {
			isa = PBXGroup;
			children = (
				9EE0F35C2B29345600D6DFD6 /* SeniorDesignProject.app */,
				9EE0F36C2B29345800D6DFD6 /* SeniorDesignProjectTests.xctest */,
				9EE0F3762B29345800D6DFD6 /* SeniorDesignProjectUITests.xctest */,
			);
			name = Products;
			sourceTree = "<group>";
		};
		9EE0F35E2B29345600D6DFD6 /* SeniorDesignProject */ = {
			isa = PBXGroup;
			children = (
				9EE0F35F2B29345600D6DFD6 /* SeniorDesignProjectApp.swift */,
				9EE0F3612B29345600D6DFD6 /* ContentView.swift */,
				9EE0F3632B29345800D6DFD6 /* Assets.xcassets */,
				9EE0F3652B29345800D6DFD6 /* Preview Content */,
			);
			path = SeniorDesignProject;
			sourceTree = "<group>";
		};
		9EE0F3652B29345800D6DFD6 /* Preview Content */ = {
			isa = PBXGroup;
			children = (
				9EE0F3662B29345800D6DFD6 /* Preview Assets.xcassets */,
			);
			path = "Preview Content";
			sourceTree = "<group>";
		};
		9EE0F36F2B29345800D6DFD6 /* SeniorDesignProjectTests */ = {
			isa = PBXGroup;
			children = (
				9EE0F3702B29345800D6DFD6 /* SeniorDesignProjectTests.swift */,
			);
			path = SeniorDesignProjectTests;
			sourceTree = "<group>";
		};
		9EE0F3792B29345800D6DFD6 /* SeniorDesignProjectUITests */ = {
			isa = PBXGroup;
			children = (
				9EE0F37A2B29345800D6DFD6 /* SeniorDesignProjectUITests.swift */,
				9EE0F37C2B29345800D6DFD6 /* SeniorDesignProjectUITestsLaunchTests.swift */,
			);
			path = SeniorDesignProjectUITests;
			sourceTree = "<group>";
		};
/* End PBXGroup section */

/* Begin PBXNativeTarget section */
		9EE0F35B2B29345600D6DFD6 /* SeniorDesignProject */ = {
			isa = PBXNativeTarget;
			buildConfigurationList = 9EE0F3802B29345800D6DFD6 /* Build configuration list for PBXNativeTarget "SeniorDesignProject" */;
			buildPhases = (
				9EE0F3582B29345600D6DFD6 /* Sources */,
				9EE0F3592B29345600D6DFD6 /* Frameworks */,
				9EE0F35A2B29345600D6DFD6 /* Resources */,
			);
			buildRules = (
			);
			dependencies = (
			);
			name = SeniorDesignProject;
			productName = SeniorDesignProject;
			productReference = 9EE0F35C2B29345600D6DFD6 /* SeniorDesignProject.app */;
			productType = "com.apple.product-type.application";
		};
		9EE0F36B2B29345800D6DFD6 /* SeniorDesignProjectTests */ = {
			isa = PBXNativeTarget;
			buildConfigurationList = 9EE0F3832B29345800D6DFD6 /* Build configuration list for PBXNativeTarget "SeniorDesignProjectTests" */;
			buildPhases = (
				9EE0F3682B29345800D6DFD6 /* Sources */,
				9EE0F3692B29345800D6DFD6 /* Frameworks */,
				9EE0F36A2B29345800D6DFD6 /* Resources */,
			);
			buildRules = (
			);
			dependencies = (
				9EE0F36E2B29345800D6DFD6 /* PBXTargetDependency */,
			);
			name = SeniorDesignProjectTests;
			productName = SeniorDesignProjectTests;
			productReference = 9EE0F36C2B29345800D6DFD6 /* SeniorDesignProjectTests.xctest */;
			productType = "com.apple.product-type.bundle.unit-test";
		};
		9EE0F3752B29345800D6DFD6 /* SeniorDesignProjectUITests */ = {
			isa = PBXNativeTarget;
			buildConfigurationList = 9EE0F3862B29345800D6DFD6 /* Build configuration list for PBXNativeTarget "SeniorDesignProjectUITests" */;
			buildPhases = (
				9EE0F3722B29345800D6DFD6 /* Sources */,
				9EE0F3732B29345800D6DFD6 /* Frameworks */,
				9EE0F3742B29345800D6DFD6 /* Resources */,
			);
			buildRules = (
			);
			dependencies = (
				9EE0F3782B29345800D6DFD6 /* PBXTargetDependency */,
			);
			name = SeniorDesignProjectUITests;
			productName = SeniorDesignProjectUITests;
			productReference = 9EE0F3762B29345800D6DFD6 /* SeniorDesignProjectUITests.xctest */;
			productType = "com.apple.product-type.bundle.ui-testing";
		};
/* End PBXNativeTarget section */

/* Begin PBXProject section */
		9EE0F3542B29345600D6DFD6 /* Project object */ = {
			isa = PBXProject;
			attributes = {
				BuildIndependentTargetsInParallel = 1;
				LastSwiftUpdateCheck = 1420;
				LastUpgradeCheck = 1420;
				TargetAttributes = {
					9EE0F35B2B29345600D6DFD6 = {
						CreatedOnToolsVersion = 14.2;
					};
					9EE0F36B2B29345800D6DFD6 = {
						CreatedOnToolsVersion = 14.2;
						TestTargetID = 9EE0F35B2B29345600D6DFD6;
					};
					9EE0F3752B29345800D6DFD6 = {
						CreatedOnToolsVersion = 14.2;
						TestTargetID = 9EE0F35B2B29345600D6DFD6;
					};
				};
			};
			buildConfigurationList = 9EE0F3572B29345600D6DFD6 /* Build configuration list for PBXProject "SeniorDesignProject" */;
			compatibilityVersion = "Xcode 14.0";
			developmentRegion = en;
			hasScannedForEncodings = 0;
			knownRegions = (
				en,
				Base,
			);
			mainGroup = 9EE0F3532B29345600D6DFD6;
			productRefGroup = 9EE0F35D2B29345600D6DFD6 /* Products */;
			projectDirPath = "";
			projectRoot = "";
			targets = (
				9EE0F35B2B29345600D6DFD6 /* SeniorDesignProject */,
				9EE0F36B2B29345800D6DFD6 /* SeniorDesignProjectTests */,
				9EE0F3752B29345800D6DFD6 /* SeniorDesignProjectUITests */,
			);
		};
/* End PBXProject section */

/* Begin PBXResourcesBuildPhase section */
		9EE0F35A2B29345600D6DFD6 /* Resources */ = {
			isa = PBXResourcesBuildPhase;
			buildActionMask = 2147483647;
			files = (
				9EE0F3672B29345800D6DFD6 /* Preview Assets.xcassets in Resources */,
				9EE0F3642B29345800D6DFD6 /* Assets.xcassets in Resources */,
			);
			runOnlyForDeploymentPostprocessing = 0;
		};
		9EE0F36A2B29345800D6DFD6 /* Resources */ = {
			isa = PBXResourcesBuildPhase;
			buildActionMask = 2147483647;
			files = (
			);
			runOnlyForDeploymentPostprocessing = 0;
		};
		9EE0F3742B29345800D6DFD6 /* Resources */ = {
			isa = PBXResourcesBuildPhase;
			buildActionMask = 2147483647;
			files = (
			);
			runOnlyForDeploymentPostprocessing = 0;
		};
/* End PBXResourcesBuildPhase section */

/* Begin PBXSourcesBuildPhase section */
		9EE0F3582B29345600D6DFD6 /* Sources */ = {
			isa = PBXSourcesBuildPhase;
			buildActionMask = 2147483647;
			files = (
				9EE0F3622B29345600D6DFD6 /* ContentView.swift in Sources */,
				9EE0F3602B29345600D6DFD6 /* SeniorDesignProjectApp.swift in Sources */,
			);
			runOnlyForDeploymentPostprocessing = 0;
		};
		9EE0F3682B29345800D6DFD6 /* Sources */ = {
			isa = PBXSourcesBuildPhase;
			buildActionMask = 2147483647;
			files = (
				9EE0F3712B29345800D6DFD6 /* SeniorDesignProjectTests.swift in Sources */,
			);
			runOnlyForDeploymentPostprocessing = 0;
		};
		9EE0F3722B29345800D6DFD6 /* Sources */ = {
			isa = PBXSourcesBuildPhase;
			buildActionMask = 2147483647;
			files = (
				9EE0F37D2B29345800D6DFD6 /* SeniorDesignProjectUITestsLaunchTests.swift in Sources */,
				9EE0F37B2B29345800D6DFD6 /* SeniorDesignProjectUITests.swift in Sources */,
			);
			runOnlyForDeploymentPostprocessing = 0;
		};
/* End PBXSourcesBuildPhase section */

/* Begin PBXTargetDependency section */
		9EE0F36E2B29345800D6DFD6 /* PBXTargetDependency */ = {
			isa = PBXTargetDependency;
			target = 9EE0F35B2B29345600D6DFD6 /* SeniorDesignProject */;
			targetProxy = 9EE0F36D2B29345800D6DFD6 /* PBXContainerItemProxy */;
		};
		9EE0F3782B29345800D6DFD6 /* PBXTargetDependency */ = {
			isa = PBXTargetDependency;
			target = 9EE0F35B2B29345600D6DFD6 /* SeniorDesignProject */;
			targetProxy = 9EE0F3772B29345800D6DFD6 /* PBXContainerItemProxy */;
		};
/* End PBXTargetDependency section */

/* Begin XCBuildConfiguration section */
		9EE0F37E2B29345800D6DFD6 /* Debug */ = {
			isa = XCBuildConfiguration;
			buildSettings = {
				ALWAYS_SEARCH_USER_PATHS = NO;
				CLANG_ANALYZER_NONNULL = YES;
				CLANG_ANALYZER_NUMBER_OBJECT_CONVERSION = YES_AGGRESSIVE;
				CLANG_CXX_LANGUAGE_STANDARD = "gnu++20";
				CLANG_ENABLE_MODULES = YES;
				CLANG_ENABLE_OBJC_ARC = YES;
				CLANG_ENABLE_OBJC_WEAK = YES;
				CLANG_WARN_BLOCK_CAPTURE_AUTORELEASING = YES;
				CLANG_WARN_BOOL_CONVERSION = YES;
				CLANG_WARN_COMMA = YES;
				CLANG_WARN_CONSTANT_CONVERSION = YES;
				CLANG_WARN_DEPRECATED_OBJC_IMPLEMENTATIONS = YES;
				CLANG_WARN_DIRECT_OBJC_ISA_USAGE = YES_ERROR;
				CLANG_WARN_DOCUMENTATION_COMMENTS = YES;
				CLANG_WARN_EMPTY_BODY = YES;
				CLANG_WARN_ENUM_CONVERSION = YES;
				CLANG_WARN_INFINITE_RECURSION = YES;
				CLANG_WARN_INT_CONVERSION = YES;
				CLANG_WARN_NON_LITERAL_NULL_CONVERSION = YES;
				CLANG_WARN_OBJC_IMPLICIT_RETAIN_SELF = YES;
				CLANG_WARN_OBJC_LITERAL_CONVERSION = YES;
				CLANG_WARN_OBJC_ROOT_CLASS = YES_ERROR;
				CLANG_WARN_QUOTED_INCLUDE_IN_FRAMEWORK_HEADER = YES;
				CLANG_WARN_RANGE_LOOP_ANALYSIS = YES;
				CLANG_WARN_STRICT_PROTOTYPES = YES;
				CLANG_WARN_SUSPICIOUS_MOVE = YES;
				CLANG_WARN_UNGUARDED_AVAILABILITY = YES_AGGRESSIVE;
				CLANG_WARN_UNREACHABLE_CODE = YES;
				CLANG_WARN__DUPLICATE_METHOD_MATCH = YES;
				COPY_PHASE_STRIP = NO;
				DEBUG_INFORMATION_FORMAT = dwarf;
				ENABLE_STRICT_OBJC_MSGSEND = YES;
				ENABLE_TESTABILITY = YES;
				GCC_C_LANGUAGE_STANDARD = gnu11;
				GCC_DYNAMIC_NO_PIC = NO;
				GCC_NO_COMMON_BLOCKS = YES;
				GCC_OPTIMIZATION_LEVEL = 0;
				GCC_PREPROCESSOR_DEFINITIONS = (
					"DEBUG=1",
					"$(inherited)",
				);
				GCC_WARN_64_TO_32_BIT_CONVERSION = YES;
				GCC_WARN_ABOUT_RETURN_TYPE = YES_ERROR;
				GCC_WARN_UNDECLARED_SELECTOR = YES;
				GCC_WARN_UNINITIALIZED_AUTOS = YES_AGGRESSIVE;
				GCC_WARN_UNUSED_FUNCTION = YES;
				GCC_WARN_UNUSED_VARIABLE = YES;
				IPHONEOS_DEPLOYMENT_TARGET = 16.2;
				MTL_ENABLE_DEBUG_INFO = INCLUDE_SOURCE;
				MTL_FAST_MATH = YES;
				ONLY_ACTIVE_ARCH = YES;
				SDKROOT = iphoneos;
				SWIFT_ACTIVE_COMPILATION_CONDITIONS = DEBUG;
				SWIFT_OPTIMIZATION_LEVEL = "-Onone";
			};
			name = Debug;
		};
		9EE0F37F2B29345800D6DFD6 /* Release */ = {
			isa = XCBuildConfiguration;
			buildSettings = {
				ALWAYS_SEARCH_USER_PATHS = NO;
				CLANG_ANALYZER_NONNULL = YES;
				CLANG_ANALYZER_NUMBER_OBJECT_CONVERSION = YES_AGGRESSIVE;
				CLANG_CXX_LANGUAGE_STANDARD = "gnu++20";
				CLANG_ENABLE_MODULES = YES;
				CLANG_ENABLE_OBJC_ARC = YES;
				CLANG_ENABLE_OBJC_WEAK = YES;
				CLANG_WARN_BLOCK_CAPTURE_AUTORELEASING = YES;
				CLANG_WARN_BOOL_CONVERSION = YES;
				CLANG_WARN_COMMA = YES;
				CLANG_WARN_CONSTANT_CONVERSION = YES;
				CLANG_WARN_DEPRECATED_OBJC_IMPLEMENTATIONS = YES;
				CLANG_WARN_DIRECT_OBJC_ISA_USAGE = YES_ERROR;
				CLANG_WARN_DOCUMENTATION_COMMENTS = YES;
				CLANG_WARN_EMPTY_BODY = YES;
				CLANG_WARN_ENUM_CONVERSION = YES;
				CLANG_WARN_INFINITE_RECURSION = YES;
				CLANG_WARN_INT_CONVERSION = YES;
				CLANG_WARN_NON_LITERAL_NULL_CONVERSION = YES;
				CLANG_WARN_OBJC_IMPLICIT_RETAIN_SELF = YES;
				CLANG_WARN_OBJC_LITERAL_CONVERSION = YES;
				CLANG_WARN_OBJC_ROOT_CLASS = YES_ERROR;
				CLANG_WARN_QUOTED_INCLUDE_IN_FRAMEWORK_HEADER = YES;
				CLANG_WARN_RANGE_LOOP_ANALYSIS = YES;
				CLANG_WARN_STRICT_PROTOTYPES = YES;
				CLANG_WARN_SUSPICIOUS_MOVE = YES;
				CLANG_WARN_UNGUARDED_AVAILABILITY = YES_AGGRESSIVE;
				CLANG_WARN_UNREACHABLE_CODE = YES;
				CLANG_WARN__DUPLICATE_METHOD_MATCH = YES;
				COPY_PHASE_STRIP = NO;
				DEBUG_INFORMATION_FORMAT = "dwarf-with-dsym";
				ENABLE_NS_ASSERTIONS = NO;
				ENABLE_STRICT_OBJC_MSGSEND = YES;
				GCC_C_LANGUAGE_STANDARD = gnu11;
				GCC_NO_COMMON_BLOCKS = YES;
				GCC_WARN_64_TO_32_BIT_CONVERSION = YES;
				GCC_WARN_ABOUT_RETURN_TYPE = YES_ERROR;
				GCC_WARN_UNDECLARED_SELECTOR = YES;
				GCC_WARN_UNINITIALIZED_AUTOS = YES_AGGRESSIVE;
				GCC_WARN_UNUSED_FUNCTION = YES;
				GCC_WARN_UNUSED_VARIABLE = YES;
				IPHONEOS_DEPLOYMENT_TARGET = 16.2;
				MTL_ENABLE_DEBUG_INFO = NO;
				MTL_FAST_MATH = YES;
				SDKROOT = iphoneos;
				SWIFT_COMPILATION_MODE = wholemodule;
				SWIFT_OPTIMIZATION_LEVEL = "-O";
				VALIDATE_PRODUCT = YES;
			};
			name = Release;
		};
		9EE0F3812B29345800D6DFD6 /* Debug */ = {
			isa = XCBuildConfiguration;
			buildSettings = {
				ASSETCATALOG_COMPILER_APPICON_NAME = AppIcon;
				ASSETCATALOG_COMPILER_GLOBAL_ACCENT_COLOR_NAME = AccentColor;
				CODE_SIGN_STYLE = Automatic;
				CURRENT_PROJECT_VERSION = 1;
				DEVELOPMENT_ASSET_PATHS = "\"SeniorDesignProject/Preview Content\"";
				ENABLE_PREVIEWS = YES;
				GENERATE_INFOPLIST_FILE = YES;
				INFOPLIST_KEY_UIApplicationSceneManifest_Generation = YES;
				INFOPLIST_KEY_UIApplicationSupportsIndirectInputEvents = YES;
				INFOPLIST_KEY_UILaunchScreen_Generation = YES;
				INFOPLIST_KEY_UISupportedInterfaceOrientations_iPad = "UIInterfaceOrientationPortrait UIInterfaceOrientationPortraitUpsideDown UIInterfaceOrientationLandscapeLeft UIInterfaceOrientationLandscapeRight";
				INFOPLIST_KEY_UISupportedInterfaceOrientations_iPhone = "UIInterfaceOrientationPortrait UIInterfaceOrientationLandscapeLeft UIInterfaceOrientationLandscapeRight";
				LD_RUNPATH_SEARCH_PATHS = (
					"$(inherited)",
					"@executable_path/Frameworks",
				);
				MARKETING_VERSION = 1.0;
				PRODUCT_BUNDLE_IDENTIFIER = myclass.SeniorDesignProject;
				PRODUCT_NAME = "$(TARGET_NAME)";
				SWIFT_EMIT_LOC_STRINGS = YES;
				SWIFT_VERSION = 5.0;
				TARGETED_DEVICE_FAMILY = "1,2";
			};
			name = Debug;
		};
		9EE0F3822B29345800D6DFD6 /* Release */ = {
			isa = XCBuildConfiguration;
			buildSettings = {
				ASSETCATALOG_COMPILER_APPICON_NAME = AppIcon;
				ASSETCATALOG_COMPILER_GLOBAL_ACCENT_COLOR_NAME = AccentColor;
				CODE_SIGN_STYLE = Automatic;
				CURRENT_PROJECT_VERSION = 1;
				DEVELOPMENT_ASSET_PATHS = "\"SeniorDesignProject/Preview Content\"";
				ENABLE_PREVIEWS = YES;
				GENERATE_INFOPLIST_FILE = YES;
				INFOPLIST_KEY_UIApplicationSceneManifest_Generation = YES;
				INFOPLIST_KEY_UIApplicationSupportsIndirectInputEvents = YES;
				INFOPLIST_KEY_UILaunchScreen_Generation = YES;
				INFOPLIST_KEY_UISupportedInterfaceOrientations_iPad = "UIInterfaceOrientationPortrait UIInterfaceOrientationPortraitUpsideDown UIInterfaceOrientationLandscapeLeft UIInterfaceOrientationLandscapeRight";
				INFOPLIST_KEY_UISupportedInterfaceOrientations_iPhone = "UIInterfaceOrientationPortrait UIInterfaceOrientationLandscapeLeft UIInterfaceOrientationLandscapeRight";
				LD_RUNPATH_SEARCH_PATHS = (
					"$(inherited)",
					"@executable_path/Frameworks",
				);
				MARKETING_VERSION = 1.0;
				PRODUCT_BUNDLE_IDENTIFIER = myclass.SeniorDesignProject;
				PRODUCT_NAME = "$(TARGET_NAME)";
				SWIFT_EMIT_LOC_STRINGS = YES;
				SWIFT_VERSION = 5.0;
				TARGETED_DEVICE_FAMILY = "1,2";
			};
			name = Release;
		};
		9EE0F3842B29345800D6DFD6 /* Debug */ = {
			isa = XCBuildConfiguration;
			buildSettings = {
				ALWAYS_EMBED_SWIFT_STANDARD_LIBRARIES = YES;
				BUNDLE_LOADER = "$(TEST_HOST)";
				CODE_SIGN_STYLE = Automatic;
				CURRENT_PROJECT_VERSION = 1;
				GENERATE_INFOPLIST_FILE = YES;
				IPHONEOS_DEPLOYMENT_TARGET = 16.2;
				MARKETING_VERSION = 1.0;
				PRODUCT_BUNDLE_IDENTIFIER = myclass.SeniorDesignProjectTests;
				PRODUCT_NAME = "$(TARGET_NAME)";
				SWIFT_EMIT_LOC_STRINGS = NO;
				SWIFT_VERSION = 5.0;
				TARGETED_DEVICE_FAMILY = "1,2";
				TEST_HOST = "$(BUILT_PRODUCTS_DIR)/SeniorDesignProject.app/$(BUNDLE_EXECUTABLE_FOLDER_PATH)/SeniorDesignProject";
			};
			name = Debug;
		};
		9EE0F3852B29345800D6DFD6 /* Release */ = {
			isa = XCBuildConfiguration;
			buildSettings = {
				ALWAYS_EMBED_SWIFT_STANDARD_LIBRARIES = YES;
				BUNDLE_LOADER = "$(TEST_HOST)";
				CODE_SIGN_STYLE = Automatic;
				CURRENT_PROJECT_VERSION = 1;
				GENERATE_INFOPLIST_FILE = YES;
				IPHONEOS_DEPLOYMENT_TARGET = 16.2;
				MARKETING_VERSION = 1.0;
				PRODUCT_BUNDLE_IDENTIFIER = myclass.SeniorDesignProjectTests;
				PRODUCT_NAME = "$(TARGET_NAME)";
				SWIFT_EMIT_LOC_STRINGS = NO;
				SWIFT_VERSION = 5.0;
				TARGETED_DEVICE_FAMILY = "1,2";
				TEST_HOST = "$(BUILT_PRODUCTS_DIR)/SeniorDesignProject.app/$(BUNDLE_EXECUTABLE_FOLDER_PATH)/SeniorDesignProject";
			};
			name = Release;
		};
		9EE0F3872B29345800D6DFD6 /* Debug */ = {
			isa = XCBuildConfiguration;
			buildSettings = {
				ALWAYS_EMBED_SWIFT_STANDARD_LIBRARIES = YES;
				CODE_SIGN_STYLE = Automatic;
				CURRENT_PROJECT_VERSION = 1;
				GENERATE_INFOPLIST_FILE = YES;
				MARKETING_VERSION = 1.0;
				PRODUCT_BUNDLE_IDENTIFIER = myclass.SeniorDesignProjectUITests;
				PRODUCT_NAME = "$(TARGET_NAME)";
				SWIFT_EMIT_LOC_STRINGS = NO;
				SWIFT_VERSION = 5.0;
				TARGETED_DEVICE_FAMILY = "1,2";
				TEST_TARGET_NAME = SeniorDesignProject;
			};
			name = Debug;
		};
		9EE0F3882B29345800D6DFD6 /* Release */ = {
			isa = XCBuildConfiguration;
			buildSettings = {
				ALWAYS_EMBED_SWIFT_STANDARD_LIBRARIES = YES;
				CODE_SIGN_STYLE = Automatic;
				CURRENT_PROJECT_VERSION = 1;
				GENERATE_INFOPLIST_FILE = YES;
				MARKETING_VERSION = 1.0;
				PRODUCT_BUNDLE_IDENTIFIER = myclass.SeniorDesignProjectUITests;
				PRODUCT_NAME = "$(TARGET_NAME)";
				SWIFT_EMIT_LOC_STRINGS = NO;
				SWIFT_VERSION = 5.0;
				TARGETED_DEVICE_FAMILY = "1,2";
				TEST_TARGET_NAME = SeniorDesignProject;
			};
			name = Release;
		};
/* End XCBuildConfiguration section */

/* Begin XCConfigurationList section */
		9EE0F3572B29345600D6DFD6 /* Build configuration list for PBXProject "SeniorDesignProject" */ = {
			isa = XCConfigurationList;
			buildConfigurations = (
				9EE0F37E2B29345800D6DFD6 /* Debug */,
				9EE0F37F2B29345800D6DFD6 /* Release */,
			);
			defaultConfigurationIsVisible = 0;
			defaultConfigurationName = Release;
		};
		9EE0F3802B29345800D6DFD6 /* Build configuration list for PBXNativeTarget "SeniorDesignProject" */ = {
			isa = XCConfigurationList;
			buildConfigurations = (
				9EE0F3812B29345800D6DFD6 /* Debug */,
				9EE0F3822B29345800D6DFD6 /* Release */,
			);
			defaultConfigurationIsVisible = 0;
			defaultConfigurationName = Release;
		};
		9EE0F3832B29345800D6DFD6 /* Build configuration list for PBXNativeTarget "SeniorDesignProjectTests" */ = {
			isa = XCConfigurationList;
			buildConfigurations = (
				9EE0F3842B29345800D6DFD6 /* Debug */,
				9EE0F3852B29345800D6DFD6 /* Release */,
			);
			defaultConfigurationIsVisible = 0;
			defaultConfigurationName = Release;
		};
		9EE0F3862B29345800D6DFD6 /* Build configuration list for PBXNativeTarget "SeniorDesignProjectUITests" */ = {
			isa = XCConfigurationList;
			buildConfigurations = (
				9EE0F3872B29345800D6DFD6 /* Debug */,
				9EE0F3882B29345800D6DFD6 /* Release */,
			);
			defaultConfigurationIsVisible = 0;
			defaultConfigurationName = Release;
		};
/* End XCConfigurationList section */
	};
	rootObject = 9EE0F3542B29345600D6DFD6 /* Project object */;
}
